// !$*UTF8*$!
{
	archiveVersion = 1;
	classes = {
	};
	objectVersion = 50;
	objects = {

/* Begin PBXBuildFile section */
		11004F2B21EA6AC40048F2F5 /* ConsultantDashboardViewController.swift in Sources */ = {isa = PBXBuildFile; fileRef = 11004F2A21EA6AC40048F2F5 /* ConsultantDashboardViewController.swift */; };
		11004F3521EA83430048F2F5 /* Login.storyboard in Resources */ = {isa = PBXBuildFile; fileRef = 11004F3421EA83430048F2F5 /* Login.storyboard */; };
		11004F3821EA849B0048F2F5 /* TextFields.swift in Sources */ = {isa = PBXBuildFile; fileRef = 11004F3621EA849B0048F2F5 /* TextFields.swift */; };
		11004F3921EA849B0048F2F5 /* GradientButton.swift in Sources */ = {isa = PBXBuildFile; fileRef = 11004F3721EA849B0048F2F5 /* GradientButton.swift */; };
		1187EF8821E9DF09006F1940 /* AppDelegate.swift in Sources */ = {isa = PBXBuildFile; fileRef = 1187EF8721E9DF09006F1940 /* AppDelegate.swift */; };
		1187EF8D21E9DF09006F1940 /* Main.storyboard in Resources */ = {isa = PBXBuildFile; fileRef = 1187EF8B21E9DF09006F1940 /* Main.storyboard */; };
		1187EF9021E9DF09006F1940 /* PassionExperties.xcdatamodeld in Sources */ = {isa = PBXBuildFile; fileRef = 1187EF8E21E9DF09006F1940 /* PassionExperties.xcdatamodeld */; };
		1187EF9221E9DF0C006F1940 /* Assets.xcassets in Resources */ = {isa = PBXBuildFile; fileRef = 1187EF9121E9DF0C006F1940 /* Assets.xcassets */; };
		1187EF9521E9DF0C006F1940 /* LaunchScreen.storyboard in Resources */ = {isa = PBXBuildFile; fileRef = 1187EF9321E9DF0C006F1940 /* LaunchScreen.storyboard */; };
		1187EFA321E9E206006F1940 /* Constants.swift in Sources */ = {isa = PBXBuildFile; fileRef = 1187EFA221E9E206006F1940 /* Constants.swift */; };
		1187EFA721E9E214006F1940 /* InternetNotAvailable.swift in Sources */ = {isa = PBXBuildFile; fileRef = 1187EFA521E9E214006F1940 /* InternetNotAvailable.swift */; };
		1187EFA821E9E214006F1940 /* InternetNotAvailable.xib in Resources */ = {isa = PBXBuildFile; fileRef = 1187EFA621E9E214006F1940 /* InternetNotAvailable.xib */; };
		1187EFC621E9E220006F1940 /* ErrorView.swift in Sources */ = {isa = PBXBuildFile; fileRef = 1187EFAB21E9E220006F1940 /* ErrorView.swift */; };
		1187EFC721E9E220006F1940 /* ErrorView.xib in Resources */ = {isa = PBXBuildFile; fileRef = 1187EFAC21E9E220006F1940 /* ErrorView.xib */; };
		1187EFC821E9E220006F1940 /* FloatRatingView.swift in Sources */ = {isa = PBXBuildFile; fileRef = 1187EFAE21E9E220006F1940 /* FloatRatingView.swift */; };
		1187EFC921E9E220006F1940 /* slider-default-handle-highlighted.png in Resources */ = {isa = PBXBuildFile; fileRef = 1187EFB121E9E220006F1940 /* slider-default-handle-highlighted.png */; };
		1187EFCA21E9E220006F1940 /* slider-default-handle-highlighted@2x.png in Resources */ = {isa = PBXBuildFile; fileRef = 1187EFB221E9E220006F1940 /* slider-default-handle-highlighted@2x.png */; };
		1187EFCB21E9E220006F1940 /* slider-default-handle.png in Resources */ = {isa = PBXBuildFile; fileRef = 1187EFB321E9E220006F1940 /* slider-default-handle.png */; };
		1187EFCC21E9E220006F1940 /* slider-default-handle@2x.png in Resources */ = {isa = PBXBuildFile; fileRef = 1187EFB421E9E220006F1940 /* slider-default-handle@2x.png */; };
		1187EFCD21E9E220006F1940 /* slider-default-track.png in Resources */ = {isa = PBXBuildFile; fileRef = 1187EFB521E9E220006F1940 /* slider-default-track.png */; };
		1187EFCE21E9E220006F1940 /* slider-default-track@2x.png in Resources */ = {isa = PBXBuildFile; fileRef = 1187EFB621E9E220006F1940 /* slider-default-track@2x.png */; };
		1187EFCF21E9E220006F1940 /* slider-default-trackBackground.png in Resources */ = {isa = PBXBuildFile; fileRef = 1187EFB721E9E220006F1940 /* slider-default-trackBackground.png */; };
		1187EFD021E9E220006F1940 /* slider-default-trackCrossedOver.png in Resources */ = {isa = PBXBuildFile; fileRef = 1187EFB821E9E220006F1940 /* slider-default-trackCrossedOver.png */; };
		1187EFD121E9E220006F1940 /* slider-default-trackCrossedOver@2x.png in Resources */ = {isa = PBXBuildFile; fileRef = 1187EFB921E9E220006F1940 /* slider-default-trackCrossedOver@2x.png */; };
		1187EFD221E9E220006F1940 /* slider-default_trackBackground@2x.png in Resources */ = {isa = PBXBuildFile; fileRef = 1187EFBA21E9E220006F1940 /* slider-default_trackBackground@2x.png */; };
		1187EFD321E9E220006F1940 /* slider-default7-handle.png in Resources */ = {isa = PBXBuildFile; fileRef = 1187EFBC21E9E220006F1940 /* slider-default7-handle.png */; };
		1187EFD421E9E220006F1940 /* slider-default7-handle@2x.png in Resources */ = {isa = PBXBuildFile; fileRef = 1187EFBD21E9E220006F1940 /* slider-default7-handle@2x.png */; };
		1187EFD521E9E220006F1940 /* slider-default7-track.png in Resources */ = {isa = PBXBuildFile; fileRef = 1187EFBE21E9E220006F1940 /* slider-default7-track.png */; };
		1187EFD621E9E220006F1940 /* slider-default7-track@2x.png in Resources */ = {isa = PBXBuildFile; fileRef = 1187EFBF21E9E220006F1940 /* slider-default7-track@2x.png */; };
		1187EFD721E9E220006F1940 /* slider-default7-trackBackground.png in Resources */ = {isa = PBXBuildFile; fileRef = 1187EFC021E9E220006F1940 /* slider-default7-trackBackground.png */; };
		1187EFD821E9E220006F1940 /* slider-default7-trackBackground@2x.png in Resources */ = {isa = PBXBuildFile; fileRef = 1187EFC121E9E220006F1940 /* slider-default7-trackBackground@2x.png */; };
		1187EFD921E9E220006F1940 /* slider-default7-trackCrossedOver.png in Resources */ = {isa = PBXBuildFile; fileRef = 1187EFC221E9E220006F1940 /* slider-default7-trackCrossedOver.png */; };
		1187EFDA21E9E220006F1940 /* slider-default7-trackCrossedOver@2x.png in Resources */ = {isa = PBXBuildFile; fileRef = 1187EFC321E9E220006F1940 /* slider-default7-trackCrossedOver@2x.png */; };
		1187EFDB21E9E220006F1940 /* NMRangeSlider.m in Sources */ = {isa = PBXBuildFile; fileRef = 1187EFC521E9E220006F1940 /* NMRangeSlider.m */; };
		1187EFDF21E9E22D006F1940 /* AppRecord.swift in Sources */ = {isa = PBXBuildFile; fileRef = 1187EFDD21E9E22D006F1940 /* AppRecord.swift */; };
		1187EFE021E9E22D006F1940 /* IconDownloader.swift in Sources */ = {isa = PBXBuildFile; fileRef = 1187EFDE21E9E22D006F1940 /* IconDownloader.swift */; };
		1187EFE721E9E234006F1940 /* ApiCall.swift in Sources */ = {isa = PBXBuildFile; fileRef = 1187EFE221E9E234006F1940 /* ApiCall.swift */; };
		1187EFE821E9E234006F1940 /* NetworkManager.swift in Sources */ = {isa = PBXBuildFile; fileRef = 1187EFE321E9E234006F1940 /* NetworkManager.swift */; };
		1187EFE921E9E234006F1940 /* RequestParameter.swift in Sources */ = {isa = PBXBuildFile; fileRef = 1187EFE421E9E234006F1940 /* RequestParameter.swift */; };
		1187EFEA21E9E234006F1940 /* ResponseObject.swift in Sources */ = {isa = PBXBuildFile; fileRef = 1187EFE521E9E234006F1940 /* ResponseObject.swift */; };
		1187EFEB21E9E234006F1940 /* Url.swift in Sources */ = {isa = PBXBuildFile; fileRef = 1187EFE621E9E234006F1940 /* Url.swift */; };
		1187EFEF21E9E240006F1940 /* DataStore.swift in Sources */ = {isa = PBXBuildFile; fileRef = 1187EFED21E9E240006F1940 /* DataStore.swift */; };
		1187EFF021E9E240006F1940 /* InternetManager.swift in Sources */ = {isa = PBXBuildFile; fileRef = 1187EFEE21E9E240006F1940 /* InternetManager.swift */; };
		1187EFF721E9E255006F1940 /* CryptoUtil.swift in Sources */ = {isa = PBXBuildFile; fileRef = 1187EFF221E9E255006F1940 /* CryptoUtil.swift */; };
		1187EFF821E9E255006F1940 /* ImageCache.swift in Sources */ = {isa = PBXBuildFile; fileRef = 1187EFF321E9E255006F1940 /* ImageCache.swift */; };
		1187EFF921E9E255006F1940 /* ProgressHud.swift in Sources */ = {isa = PBXBuildFile; fileRef = 1187EFF421E9E255006F1940 /* ProgressHud.swift */; };
		1187EFFA21E9E255006F1940 /* SwiftLog.swift in Sources */ = {isa = PBXBuildFile; fileRef = 1187EFF521E9E255006F1940 /* SwiftLog.swift */; };
		1187EFFB21E9E255006F1940 /* Utilities.swift in Sources */ = {isa = PBXBuildFile; fileRef = 1187EFF621E9E255006F1940 /* Utilities.swift */; };
		11E92D7F21EA31C500104DFE /* ConsultentData.swift in Sources */ = {isa = PBXBuildFile; fileRef = 11E92D7E21EA31C500104DFE /* ConsultentData.swift */; };
		11E92DB221EA549600104DFE /* BaseViewController.swift in Sources */ = {isa = PBXBuildFile; fileRef = 11E92DA221EA549600104DFE /* BaseViewController.swift */; };
		11E92DB321EA549600104DFE /* ConsultantSignUpViewController.swift in Sources */ = {isa = PBXBuildFile; fileRef = 11E92DA321EA549600104DFE /* ConsultantSignUpViewController.swift */; };
		11E92DB421EA549600104DFE /* DreamerChatViewController.swift in Sources */ = {isa = PBXBuildFile; fileRef = 11E92DA521EA549600104DFE /* DreamerChatViewController.swift */; };
		11E92DB521EA549600104DFE /* DreamerFollowersViewController.swift in Sources */ = {isa = PBXBuildFile; fileRef = 11E92DA621EA549600104DFE /* DreamerFollowersViewController.swift */; };
		11E92DB621EA549600104DFE /* DreamerHomeViewController.swift in Sources */ = {isa = PBXBuildFile; fileRef = 11E92DA721EA549600104DFE /* DreamerHomeViewController.swift */; };
		11E92DB821EA549600104DFE /* DreamerNotificationViewController.swift in Sources */ = {isa = PBXBuildFile; fileRef = 11E92DA921EA549600104DFE /* DreamerNotificationViewController.swift */; };
		11E92DB921EA549600104DFE /* DreamerProfileViewController.swift in Sources */ = {isa = PBXBuildFile; fileRef = 11E92DAA21EA549600104DFE /* DreamerProfileViewController.swift */; };
		11E92DBB21EA549600104DFE /* LoginConsultantViewController.swift in Sources */ = {isa = PBXBuildFile; fileRef = 11E92DAC21EA549600104DFE /* LoginConsultantViewController.swift */; };
		11E92DBC21EA549600104DFE /* MainViewController.swift in Sources */ = {isa = PBXBuildFile; fileRef = 11E92DAD21EA549600104DFE /* MainViewController.swift */; };
		11E92DBD21EA549600104DFE /* RadioButton.swift in Sources */ = {isa = PBXBuildFile; fileRef = 11E92DAE21EA549600104DFE /* RadioButton.swift */; };
		11E92DBE21EA549600104DFE /* DreamerFollowerListCell.swift in Sources */ = {isa = PBXBuildFile; fileRef = 11E92DB021EA549600104DFE /* DreamerFollowerListCell.swift */; };
		11E92DBF21EA549600104DFE /* NotificationCell.swift in Sources */ = {isa = PBXBuildFile; fileRef = 11E92DB121EA549600104DFE /* NotificationCell.swift */; };
		557842ADB3B199433AFAA6FA /* Pods_PassionExperties.framework in Frameworks */ = {isa = PBXBuildFile; fileRef = F02D988D8F89D286AF6B420A /* Pods_PassionExperties.framework */; };
		930ED9B921EA4557008C07E8 /* GoogleService-Info.plist in Resources */ = {isa = PBXBuildFile; fileRef = 930ED9B821EA4557008C07E8 /* GoogleService-Info.plist */; };
		930ED9BB21EA5C30008C07E8 /* DreamerStoryboard.storyboard in Resources */ = {isa = PBXBuildFile; fileRef = 930ED9BA21EA5C30008C07E8 /* DreamerStoryboard.storyboard */; };
		93CBD35521E9EE760018075C /* Consultant.storyboard in Resources */ = {isa = PBXBuildFile; fileRef = 93CBD35421E9EE760018075C /* Consultant.storyboard */; };
/* End PBXBuildFile section */

/* Begin PBXFileReference section */
		11004F2A21EA6AC40048F2F5 /* ConsultantDashboardViewController.swift */ = {isa = PBXFileReference; lastKnownFileType = sourcecode.swift; path = ConsultantDashboardViewController.swift; sourceTree = "<group>"; };
		11004F3421EA83430048F2F5 /* Login.storyboard */ = {isa = PBXFileReference; fileEncoding = 4; lastKnownFileType = file.storyboard; path = Login.storyboard; sourceTree = "<group>"; };
		11004F3621EA849B0048F2F5 /* TextFields.swift */ = {isa = PBXFileReference; fileEncoding = 4; lastKnownFileType = sourcecode.swift; path = TextFields.swift; sourceTree = "<group>"; };
		11004F3721EA849B0048F2F5 /* GradientButton.swift */ = {isa = PBXFileReference; fileEncoding = 4; lastKnownFileType = sourcecode.swift; path = GradientButton.swift; sourceTree = "<group>"; };
		1187EF8421E9DF09006F1940 /* PassionExperties.app */ = {isa = PBXFileReference; explicitFileType = wrapper.application; includeInIndex = 0; path = PassionExperties.app; sourceTree = BUILT_PRODUCTS_DIR; };
		1187EF8721E9DF09006F1940 /* AppDelegate.swift */ = {isa = PBXFileReference; lastKnownFileType = sourcecode.swift; path = AppDelegate.swift; sourceTree = "<group>"; };
		1187EF8C21E9DF09006F1940 /* Base */ = {isa = PBXFileReference; lastKnownFileType = file.storyboard; name = Base; path = Base.lproj/Main.storyboard; sourceTree = "<group>"; };
		1187EF8F21E9DF09006F1940 /* PassionExperties.xcdatamodel */ = {isa = PBXFileReference; lastKnownFileType = wrapper.xcdatamodel; path = PassionExperties.xcdatamodel; sourceTree = "<group>"; };
		1187EF9121E9DF0C006F1940 /* Assets.xcassets */ = {isa = PBXFileReference; lastKnownFileType = folder.assetcatalog; name = Assets.xcassets; path = "../New Groupsse/Assets.xcassets"; sourceTree = "<group>"; };
		1187EF9421E9DF0C006F1940 /* Base */ = {isa = PBXFileReference; lastKnownFileType = file.storyboard; name = Base; path = Base.lproj/LaunchScreen.storyboard; sourceTree = "<group>"; };
		1187EF9621E9DF0C006F1940 /* Info.plist */ = {isa = PBXFileReference; lastKnownFileType = text.plist.xml; path = Info.plist; sourceTree = "<group>"; };
		1187EFA221E9E206006F1940 /* Constants.swift */ = {isa = PBXFileReference; fileEncoding = 4; lastKnownFileType = sourcecode.swift; path = Constants.swift; sourceTree = "<group>"; };
		1187EFA521E9E214006F1940 /* InternetNotAvailable.swift */ = {isa = PBXFileReference; fileEncoding = 4; lastKnownFileType = sourcecode.swift; path = InternetNotAvailable.swift; sourceTree = "<group>"; };
		1187EFA621E9E214006F1940 /* InternetNotAvailable.xib */ = {isa = PBXFileReference; fileEncoding = 4; lastKnownFileType = file.xib; path = InternetNotAvailable.xib; sourceTree = "<group>"; };
		1187EFAB21E9E220006F1940 /* ErrorView.swift */ = {isa = PBXFileReference; fileEncoding = 4; lastKnownFileType = sourcecode.swift; path = ErrorView.swift; sourceTree = "<group>"; };
		1187EFAC21E9E220006F1940 /* ErrorView.xib */ = {isa = PBXFileReference; fileEncoding = 4; lastKnownFileType = file.xib; path = ErrorView.xib; sourceTree = "<group>"; };
		1187EFAE21E9E220006F1940 /* FloatRatingView.swift */ = {isa = PBXFileReference; fileEncoding = 4; lastKnownFileType = sourcecode.swift; path = FloatRatingView.swift; sourceTree = "<group>"; };
		1187EFB121E9E220006F1940 /* slider-default-handle-highlighted.png */ = {isa = PBXFileReference; lastKnownFileType = image.png; path = "slider-default-handle-highlighted.png"; sourceTree = "<group>"; };
		1187EFB221E9E220006F1940 /* slider-default-handle-highlighted@2x.png */ = {isa = PBXFileReference; lastKnownFileType = image.png; path = "slider-default-handle-highlighted@2x.png"; sourceTree = "<group>"; };
		1187EFB321E9E220006F1940 /* slider-default-handle.png */ = {isa = PBXFileReference; lastKnownFileType = image.png; path = "slider-default-handle.png"; sourceTree = "<group>"; };
		1187EFB421E9E220006F1940 /* slider-default-handle@2x.png */ = {isa = PBXFileReference; lastKnownFileType = image.png; path = "slider-default-handle@2x.png"; sourceTree = "<group>"; };
		1187EFB521E9E220006F1940 /* slider-default-track.png */ = {isa = PBXFileReference; lastKnownFileType = image.png; path = "slider-default-track.png"; sourceTree = "<group>"; };
		1187EFB621E9E220006F1940 /* slider-default-track@2x.png */ = {isa = PBXFileReference; lastKnownFileType = image.png; path = "slider-default-track@2x.png"; sourceTree = "<group>"; };
		1187EFB721E9E220006F1940 /* slider-default-trackBackground.png */ = {isa = PBXFileReference; lastKnownFileType = image.png; path = "slider-default-trackBackground.png"; sourceTree = "<group>"; };
		1187EFB821E9E220006F1940 /* slider-default-trackCrossedOver.png */ = {isa = PBXFileReference; lastKnownFileType = image.png; path = "slider-default-trackCrossedOver.png"; sourceTree = "<group>"; };
		1187EFB921E9E220006F1940 /* slider-default-trackCrossedOver@2x.png */ = {isa = PBXFileReference; lastKnownFileType = image.png; path = "slider-default-trackCrossedOver@2x.png"; sourceTree = "<group>"; };
		1187EFBA21E9E220006F1940 /* slider-default_trackBackground@2x.png */ = {isa = PBXFileReference; lastKnownFileType = image.png; path = "slider-default_trackBackground@2x.png"; sourceTree = "<group>"; };
		1187EFBC21E9E220006F1940 /* slider-default7-handle.png */ = {isa = PBXFileReference; lastKnownFileType = image.png; path = "slider-default7-handle.png"; sourceTree = "<group>"; };
		1187EFBD21E9E220006F1940 /* slider-default7-handle@2x.png */ = {isa = PBXFileReference; lastKnownFileType = image.png; path = "slider-default7-handle@2x.png"; sourceTree = "<group>"; };
		1187EFBE21E9E220006F1940 /* slider-default7-track.png */ = {isa = PBXFileReference; lastKnownFileType = image.png; path = "slider-default7-track.png"; sourceTree = "<group>"; };
		1187EFBF21E9E220006F1940 /* slider-default7-track@2x.png */ = {isa = PBXFileReference; lastKnownFileType = image.png; path = "slider-default7-track@2x.png"; sourceTree = "<group>"; };
		1187EFC021E9E220006F1940 /* slider-default7-trackBackground.png */ = {isa = PBXFileReference; lastKnownFileType = image.png; path = "slider-default7-trackBackground.png"; sourceTree = "<group>"; };
		1187EFC121E9E220006F1940 /* slider-default7-trackBackground@2x.png */ = {isa = PBXFileReference; lastKnownFileType = image.png; path = "slider-default7-trackBackground@2x.png"; sourceTree = "<group>"; };
		1187EFC221E9E220006F1940 /* slider-default7-trackCrossedOver.png */ = {isa = PBXFileReference; lastKnownFileType = image.png; path = "slider-default7-trackCrossedOver.png"; sourceTree = "<group>"; };
		1187EFC321E9E220006F1940 /* slider-default7-trackCrossedOver@2x.png */ = {isa = PBXFileReference; lastKnownFileType = image.png; path = "slider-default7-trackCrossedOver@2x.png"; sourceTree = "<group>"; };
		1187EFC421E9E220006F1940 /* NMRangeSlider.h */ = {isa = PBXFileReference; fileEncoding = 4; lastKnownFileType = sourcecode.c.h; path = NMRangeSlider.h; sourceTree = "<group>"; };
		1187EFC521E9E220006F1940 /* NMRangeSlider.m */ = {isa = PBXFileReference; fileEncoding = 4; lastKnownFileType = sourcecode.c.objc; path = NMRangeSlider.m; sourceTree = "<group>"; };
		1187EFDD21E9E22D006F1940 /* AppRecord.swift */ = {isa = PBXFileReference; fileEncoding = 4; lastKnownFileType = sourcecode.swift; path = AppRecord.swift; sourceTree = "<group>"; };
		1187EFDE21E9E22D006F1940 /* IconDownloader.swift */ = {isa = PBXFileReference; fileEncoding = 4; lastKnownFileType = sourcecode.swift; path = IconDownloader.swift; sourceTree = "<group>"; };
		1187EFE221E9E234006F1940 /* ApiCall.swift */ = {isa = PBXFileReference; fileEncoding = 4; lastKnownFileType = sourcecode.swift; path = ApiCall.swift; sourceTree = "<group>"; };
		1187EFE321E9E234006F1940 /* NetworkManager.swift */ = {isa = PBXFileReference; fileEncoding = 4; lastKnownFileType = sourcecode.swift; path = NetworkManager.swift; sourceTree = "<group>"; };
		1187EFE421E9E234006F1940 /* RequestParameter.swift */ = {isa = PBXFileReference; fileEncoding = 4; lastKnownFileType = sourcecode.swift; path = RequestParameter.swift; sourceTree = "<group>"; };
		1187EFE521E9E234006F1940 /* ResponseObject.swift */ = {isa = PBXFileReference; fileEncoding = 4; lastKnownFileType = sourcecode.swift; path = ResponseObject.swift; sourceTree = "<group>"; };
		1187EFE621E9E234006F1940 /* Url.swift */ = {isa = PBXFileReference; fileEncoding = 4; lastKnownFileType = sourcecode.swift; path = Url.swift; sourceTree = "<group>"; };
		1187EFED21E9E240006F1940 /* DataStore.swift */ = {isa = PBXFileReference; fileEncoding = 4; lastKnownFileType = sourcecode.swift; path = DataStore.swift; sourceTree = "<group>"; };
		1187EFEE21E9E240006F1940 /* InternetManager.swift */ = {isa = PBXFileReference; fileEncoding = 4; lastKnownFileType = sourcecode.swift; path = InternetManager.swift; sourceTree = "<group>"; };
		1187EFF221E9E255006F1940 /* CryptoUtil.swift */ = {isa = PBXFileReference; fileEncoding = 4; lastKnownFileType = sourcecode.swift; path = CryptoUtil.swift; sourceTree = "<group>"; };
		1187EFF321E9E255006F1940 /* ImageCache.swift */ = {isa = PBXFileReference; fileEncoding = 4; lastKnownFileType = sourcecode.swift; path = ImageCache.swift; sourceTree = "<group>"; };
		1187EFF421E9E255006F1940 /* ProgressHud.swift */ = {isa = PBXFileReference; fileEncoding = 4; lastKnownFileType = sourcecode.swift; path = ProgressHud.swift; sourceTree = "<group>"; };
		1187EFF521E9E255006F1940 /* SwiftLog.swift */ = {isa = PBXFileReference; fileEncoding = 4; lastKnownFileType = sourcecode.swift; path = SwiftLog.swift; sourceTree = "<group>"; };
		1187EFF621E9E255006F1940 /* Utilities.swift */ = {isa = PBXFileReference; fileEncoding = 4; lastKnownFileType = sourcecode.swift; path = Utilities.swift; sourceTree = "<group>"; };
		11E92D6221E9E3FF00104DFE /* PassionExperties-Bridging-Header.h */ = {isa = PBXFileReference; lastKnownFileType = sourcecode.c.h; path = "PassionExperties-Bridging-Header.h"; sourceTree = "<group>"; };
		11E92D7E21EA31C500104DFE /* ConsultentData.swift */ = {isa = PBXFileReference; lastKnownFileType = sourcecode.swift; path = ConsultentData.swift; sourceTree = "<group>"; };
		11E92DA221EA549600104DFE /* BaseViewController.swift */ = {isa = PBXFileReference; fileEncoding = 4; lastKnownFileType = sourcecode.swift; path = BaseViewController.swift; sourceTree = "<group>"; };
		11E92DA321EA549600104DFE /* ConsultantSignUpViewController.swift */ = {isa = PBXFileReference; fileEncoding = 4; lastKnownFileType = sourcecode.swift; path = ConsultantSignUpViewController.swift; sourceTree = "<group>"; };
		11E92DA521EA549600104DFE /* DreamerChatViewController.swift */ = {isa = PBXFileReference; fileEncoding = 4; lastKnownFileType = sourcecode.swift; path = DreamerChatViewController.swift; sourceTree = "<group>"; };
		11E92DA621EA549600104DFE /* DreamerFollowersViewController.swift */ = {isa = PBXFileReference; fileEncoding = 4; lastKnownFileType = sourcecode.swift; path = DreamerFollowersViewController.swift; sourceTree = "<group>"; };
		11E92DA721EA549600104DFE /* DreamerHomeViewController.swift */ = {isa = PBXFileReference; fileEncoding = 4; lastKnownFileType = sourcecode.swift; path = DreamerHomeViewController.swift; sourceTree = "<group>"; };
		11E92DA921EA549600104DFE /* DreamerNotificationViewController.swift */ = {isa = PBXFileReference; fileEncoding = 4; lastKnownFileType = sourcecode.swift; path = DreamerNotificationViewController.swift; sourceTree = "<group>"; };
		11E92DAA21EA549600104DFE /* DreamerProfileViewController.swift */ = {isa = PBXFileReference; fileEncoding = 4; lastKnownFileType = sourcecode.swift; path = DreamerProfileViewController.swift; sourceTree = "<group>"; };
		11E92DAC21EA549600104DFE /* LoginConsultantViewController.swift */ = {isa = PBXFileReference; fileEncoding = 4; lastKnownFileType = sourcecode.swift; path = LoginConsultantViewController.swift; sourceTree = "<group>"; };
		11E92DAD21EA549600104DFE /* MainViewController.swift */ = {isa = PBXFileReference; fileEncoding = 4; lastKnownFileType = sourcecode.swift; path = MainViewController.swift; sourceTree = "<group>"; };
		11E92DAE21EA549600104DFE /* RadioButton.swift */ = {isa = PBXFileReference; fileEncoding = 4; lastKnownFileType = sourcecode.swift; path = RadioButton.swift; sourceTree = "<group>"; };
		11E92DB021EA549600104DFE /* DreamerFollowerListCell.swift */ = {isa = PBXFileReference; fileEncoding = 4; lastKnownFileType = sourcecode.swift; path = DreamerFollowerListCell.swift; sourceTree = "<group>"; };
		11E92DB121EA549600104DFE /* NotificationCell.swift */ = {isa = PBXFileReference; fileEncoding = 4; lastKnownFileType = sourcecode.swift; path = NotificationCell.swift; sourceTree = "<group>"; };
		71280261078FE7A20E007807 /* Pods-PassionExperties.debug.xcconfig */ = {isa = PBXFileReference; includeInIndex = 1; lastKnownFileType = text.xcconfig; name = "Pods-PassionExperties.debug.xcconfig"; path = "Pods/Target Support Files/Pods-PassionExperties/Pods-PassionExperties.debug.xcconfig"; sourceTree = "<group>"; };
		930ED9B821EA4557008C07E8 /* GoogleService-Info.plist */ = {isa = PBXFileReference; fileEncoding = 4; lastKnownFileType = text.plist.xml; path = "GoogleService-Info.plist"; sourceTree = "<group>"; };
		930ED9BA21EA5C30008C07E8 /* DreamerStoryboard.storyboard */ = {isa = PBXFileReference; fileEncoding = 4; lastKnownFileType = file.storyboard; path = DreamerStoryboard.storyboard; sourceTree = "<group>"; };
		93CBD35421E9EE760018075C /* Consultant.storyboard */ = {isa = PBXFileReference; lastKnownFileType = file.storyboard; path = Consultant.storyboard; sourceTree = "<group>"; };
		B709B8160223F32B3A72FE89 /* Pods-PassionExperties.release.xcconfig */ = {isa = PBXFileReference; includeInIndex = 1; lastKnownFileType = text.xcconfig; name = "Pods-PassionExperties.release.xcconfig"; path = "Pods/Target Support Files/Pods-PassionExperties/Pods-PassionExperties.release.xcconfig"; sourceTree = "<group>"; };
		F02D988D8F89D286AF6B420A /* Pods_PassionExperties.framework */ = {isa = PBXFileReference; explicitFileType = wrapper.framework; includeInIndex = 0; path = Pods_PassionExperties.framework; sourceTree = BUILT_PRODUCTS_DIR; };
/* End PBXFileReference section */

/* Begin PBXFrameworksBuildPhase section */
		1187EF8121E9DF09006F1940 /* Frameworks */ = {
			isa = PBXFrameworksBuildPhase;
			buildActionMask = 2147483647;
			files = (
				557842ADB3B199433AFAA6FA /* Pods_PassionExperties.framework in Frameworks */,
			);
			runOnlyForDeploymentPostprocessing = 0;
		};
/* End PBXFrameworksBuildPhase section */

/* Begin PBXGroup section */
		1187EF7B21E9DF09006F1940 = {
			isa = PBXGroup;
			children = (
				11E92D6221E9E3FF00104DFE /* PassionExperties-Bridging-Header.h */,
				1187EF8621E9DF09006F1940 /* PassionExperties */,
				1187EF8521E9DF09006F1940 /* Products */,
				2240CAD53CD7A5C00BE390DF /* Pods */,
				436856B9F137391AF5B4E4A3 /* Frameworks */,
			);
			sourceTree = "<group>";
		};
		1187EF8521E9DF09006F1940 /* Products */ = {
			isa = PBXGroup;
			children = (
				1187EF8421E9DF09006F1940 /* PassionExperties.app */,
			);
			name = Products;
			sourceTree = "<group>";
		};
		1187EF8621E9DF09006F1940 /* PassionExperties */ = {
			isa = PBXGroup;
			children = (
				930ED9B821EA4557008C07E8 /* GoogleService-Info.plist */,
				1187EF9C21E9E0D5006F1940 /* AppDelegate */,
				11E92D6321E9E6A500104DFE /* Assets */,
				1187EFF121E9E255006F1940 /* Utilities */,
				1187EFEC21E9E240006F1940 /* Singleton */,
				1187EFE121E9E234006F1940 /* Network */,
				1187EFDC21E9E22D006F1940 /* Model */,
				1187EFA921E9E220006F1940 /* CustomView */,
				1187EFA421E9E214006F1940 /* InternetNotAvailable */,
				1187EFA121E9E206006F1940 /* Constants */,
				1187EF9E21E9E1A3006F1940 /* CoreData */,
				11E92DA121EA549600104DFE /* ViewController */,
				1187EFA021E9E1CF006F1940 /* Storyboard */,
				1187EF9321E9DF0C006F1940 /* LaunchScreen.storyboard */,
				1187EF9621E9DF0C006F1940 /* Info.plist */,
			);
			path = PassionExperties;
			sourceTree = "<group>";
		};
		1187EF9C21E9E0D5006F1940 /* AppDelegate */ = {
			isa = PBXGroup;
			children = (
				1187EF8721E9DF09006F1940 /* AppDelegate.swift */,
			);
			path = AppDelegate;
			sourceTree = "<group>";
		};
		1187EF9E21E9E1A3006F1940 /* CoreData */ = {
			isa = PBXGroup;
			children = (
				9333C57F21EA2DE2004CFCB1 /* Classes */,
				1187EF8E21E9DF09006F1940 /* PassionExperties.xcdatamodeld */,
			);
			path = CoreData;
			sourceTree = "<group>";
		};
		1187EFA021E9E1CF006F1940 /* Storyboard */ = {
			isa = PBXGroup;
			children = (
				930ED9BA21EA5C30008C07E8 /* DreamerStoryboard.storyboard */,
				1187EF8B21E9DF09006F1940 /* Main.storyboard */,
				11004F3421EA83430048F2F5 /* Login.storyboard */,
				93CBD35421E9EE760018075C /* Consultant.storyboard */,
			);
			path = Storyboard;
			sourceTree = "<group>";
		};
		1187EFA121E9E206006F1940 /* Constants */ = {
			isa = PBXGroup;
			children = (
				1187EFA221E9E206006F1940 /* Constants.swift */,
			);
			path = Constants;
			sourceTree = "<group>";
		};
		1187EFA421E9E214006F1940 /* InternetNotAvailable */ = {
			isa = PBXGroup;
			children = (
				1187EFA521E9E214006F1940 /* InternetNotAvailable.swift */,
				1187EFA621E9E214006F1940 /* InternetNotAvailable.xib */,
			);
			path = InternetNotAvailable;
			sourceTree = "<group>";
		};
		1187EFA921E9E220006F1940 /* CustomView */ = {
			isa = PBXGroup;
			children = (
				11004F3721EA849B0048F2F5 /* GradientButton.swift */,
				11004F3621EA849B0048F2F5 /* TextFields.swift */,
				1187EFAA21E9E220006F1940 /* ErrorView */,
				1187EFAD21E9E220006F1940 /* FloatRatingView */,
				1187EFAF21E9E220006F1940 /* RangeSlider */,
			);
			path = CustomView;
			sourceTree = "<group>";
		};
		1187EFAA21E9E220006F1940 /* ErrorView */ = {
			isa = PBXGroup;
			children = (
				1187EFAB21E9E220006F1940 /* ErrorView.swift */,
				1187EFAC21E9E220006F1940 /* ErrorView.xib */,
			);
			path = ErrorView;
			sourceTree = "<group>";
		};
		1187EFAD21E9E220006F1940 /* FloatRatingView */ = {
			isa = PBXGroup;
			children = (
				1187EFAE21E9E220006F1940 /* FloatRatingView.swift */,
			);
			path = FloatRatingView;
			sourceTree = "<group>";
		};
		1187EFAF21E9E220006F1940 /* RangeSlider */ = {
			isa = PBXGroup;
			children = (
				1187EFB021E9E220006F1940 /* DefaultTheme */,
				1187EFBB21E9E220006F1940 /* DefaultTheme7 */,
				1187EFC421E9E220006F1940 /* NMRangeSlider.h */,
				1187EFC521E9E220006F1940 /* NMRangeSlider.m */,
			);
			path = RangeSlider;
			sourceTree = "<group>";
		};
		1187EFB021E9E220006F1940 /* DefaultTheme */ = {
			isa = PBXGroup;
			children = (
				1187EFB121E9E220006F1940 /* slider-default-handle-highlighted.png */,
				1187EFB221E9E220006F1940 /* slider-default-handle-highlighted@2x.png */,
				1187EFB321E9E220006F1940 /* slider-default-handle.png */,
				1187EFB421E9E220006F1940 /* slider-default-handle@2x.png */,
				1187EFB521E9E220006F1940 /* slider-default-track.png */,
				1187EFB621E9E220006F1940 /* slider-default-track@2x.png */,
				1187EFB721E9E220006F1940 /* slider-default-trackBackground.png */,
				1187EFB821E9E220006F1940 /* slider-default-trackCrossedOver.png */,
				1187EFB921E9E220006F1940 /* slider-default-trackCrossedOver@2x.png */,
				1187EFBA21E9E220006F1940 /* slider-default_trackBackground@2x.png */,
			);
			path = DefaultTheme;
			sourceTree = "<group>";
		};
		1187EFBB21E9E220006F1940 /* DefaultTheme7 */ = {
			isa = PBXGroup;
			children = (
				1187EFBC21E9E220006F1940 /* slider-default7-handle.png */,
				1187EFBD21E9E220006F1940 /* slider-default7-handle@2x.png */,
				1187EFBE21E9E220006F1940 /* slider-default7-track.png */,
				1187EFBF21E9E220006F1940 /* slider-default7-track@2x.png */,
				1187EFC021E9E220006F1940 /* slider-default7-trackBackground.png */,
				1187EFC121E9E220006F1940 /* slider-default7-trackBackground@2x.png */,
				1187EFC221E9E220006F1940 /* slider-default7-trackCrossedOver.png */,
				1187EFC321E9E220006F1940 /* slider-default7-trackCrossedOver@2x.png */,
			);
			path = DefaultTheme7;
			sourceTree = "<group>";
		};
		1187EFDC21E9E22D006F1940 /* Model */ = {
			isa = PBXGroup;
			children = (
				1187EFDD21E9E22D006F1940 /* AppRecord.swift */,
				1187EFDE21E9E22D006F1940 /* IconDownloader.swift */,
				11E92D7E21EA31C500104DFE /* ConsultentData.swift */,
			);
			path = Model;
			sourceTree = "<group>";
		};
		1187EFE121E9E234006F1940 /* Network */ = {
			isa = PBXGroup;
			children = (
				1187EFE221E9E234006F1940 /* ApiCall.swift */,
				1187EFE321E9E234006F1940 /* NetworkManager.swift */,
				1187EFE421E9E234006F1940 /* RequestParameter.swift */,
				1187EFE521E9E234006F1940 /* ResponseObject.swift */,
				1187EFE621E9E234006F1940 /* Url.swift */,
			);
			path = Network;
			sourceTree = "<group>";
		};
		1187EFEC21E9E240006F1940 /* Singleton */ = {
			isa = PBXGroup;
			children = (
				1187EFED21E9E240006F1940 /* DataStore.swift */,
				1187EFEE21E9E240006F1940 /* InternetManager.swift */,
			);
			path = Singleton;
			sourceTree = "<group>";
		};
		1187EFF121E9E255006F1940 /* Utilities */ = {
			isa = PBXGroup;
			children = (
				1187EFF221E9E255006F1940 /* CryptoUtil.swift */,
				1187EFF321E9E255006F1940 /* ImageCache.swift */,
				1187EFF421E9E255006F1940 /* ProgressHud.swift */,
				1187EFF521E9E255006F1940 /* SwiftLog.swift */,
				1187EFF621E9E255006F1940 /* Utilities.swift */,
			);
			path = Utilities;
			sourceTree = "<group>";
		};
		11E92D6321E9E6A500104DFE /* Assets */ = {
			isa = PBXGroup;
			children = (
				1187EF9121E9DF0C006F1940 /* Assets.xcassets */,
			);
			path = Assets;
			sourceTree = "<group>";
		};
		11E92DA121EA549600104DFE /* ViewController */ = {
			isa = PBXGroup;
			children = (
				11E92DA421EA549600104DFE /* Dreamer */,
				11E92DAF21EA549600104DFE /* TableViewCell */,
				11E92DA221EA549600104DFE /* BaseViewController.swift */,
				11E92DA321EA549600104DFE /* ConsultantSignUpViewController.swift */,
				11E92DAC21EA549600104DFE /* LoginConsultantViewController.swift */,
				11E92DAD21EA549600104DFE /* MainViewController.swift */,
				11E92DAE21EA549600104DFE /* RadioButton.swift */,
				11004F2A21EA6AC40048F2F5 /* ConsultantDashboardViewController.swift */,
			);
			path = ViewController;
			sourceTree = "<group>";
		};
		11E92DA421EA549600104DFE /* Dreamer */ = {
			isa = PBXGroup;
			children = (
				11E92DA521EA549600104DFE /* DreamerChatViewController.swift */,
				11E92DA621EA549600104DFE /* DreamerFollowersViewController.swift */,
				11E92DA721EA549600104DFE /* DreamerHomeViewController.swift */,
				11E92DA921EA549600104DFE /* DreamerNotificationViewController.swift */,
				11E92DAA21EA549600104DFE /* DreamerProfileViewController.swift */,
			);
			path = Dreamer;
			sourceTree = "<group>";
		};
		11E92DAF21EA549600104DFE /* TableViewCell */ = {
			isa = PBXGroup;
			children = (
				11E92DB021EA549600104DFE /* DreamerFollowerListCell.swift */,
				11E92DB121EA549600104DFE /* NotificationCell.swift */,
			);
			path = TableViewCell;
			sourceTree = "<group>";
		};
		2240CAD53CD7A5C00BE390DF /* Pods */ = {
			isa = PBXGroup;
			children = (
				71280261078FE7A20E007807 /* Pods-PassionExperties.debug.xcconfig */,
				B709B8160223F32B3A72FE89 /* Pods-PassionExperties.release.xcconfig */,
			);
			name = Pods;
			sourceTree = "<group>";
		};
		436856B9F137391AF5B4E4A3 /* Frameworks */ = {
			isa = PBXGroup;
			children = (
				F02D988D8F89D286AF6B420A /* Pods_PassionExperties.framework */,
			);
			name = Frameworks;
			sourceTree = "<group>";
		};
		9333C57F21EA2DE2004CFCB1 /* Classes */ = {
			isa = PBXGroup;
			children = (
			);
			path = Classes;
			sourceTree = "<group>";
		};
/* End PBXGroup section */

/* Begin PBXNativeTarget section */
		1187EF8321E9DF09006F1940 /* PassionExperties */ = {
			isa = PBXNativeTarget;
			buildConfigurationList = 1187EF9921E9DF0C006F1940 /* Build configuration list for PBXNativeTarget "PassionExperties" */;
			buildPhases = (
				A62C0A66603B69C919F3D45D /* [CP] Check Pods Manifest.lock */,
				1187EF8021E9DF09006F1940 /* Sources */,
				1187EF8121E9DF09006F1940 /* Frameworks */,
				1187EF8221E9DF09006F1940 /* Resources */,
				E58B46DEEB6EDC43D08EB116 /* [CP] Embed Pods Frameworks */,
			);
			buildRules = (
			);
			dependencies = (
			);
			name = PassionExperties;
			productName = PassionExperties;
			productReference = 1187EF8421E9DF09006F1940 /* PassionExperties.app */;
			productType = "com.apple.product-type.application";
		};
/* End PBXNativeTarget section */

/* Begin PBXProject section */
		1187EF7C21E9DF09006F1940 /* Project object */ = {
			isa = PBXProject;
			attributes = {
				LastSwiftUpdateCheck = 1000;
				LastUpgradeCheck = 1000;
				ORGANIZATIONNAME = "shalu tyagi";
				TargetAttributes = {
					1187EF8321E9DF09006F1940 = {
						CreatedOnToolsVersion = 10.0;
					};
				};
			};
			buildConfigurationList = 1187EF7F21E9DF09006F1940 /* Build configuration list for PBXProject "PassionExperties" */;
			compatibilityVersion = "Xcode 9.3";
			developmentRegion = en;
			hasScannedForEncodings = 0;
			knownRegions = (
				en,
				Base,
			);
			mainGroup = 1187EF7B21E9DF09006F1940;
			productRefGroup = 1187EF8521E9DF09006F1940 /* Products */;
			projectDirPath = "";
			projectRoot = "";
			targets = (
				1187EF8321E9DF09006F1940 /* PassionExperties */,
			);
		};
/* End PBXProject section */

/* Begin PBXResourcesBuildPhase section */
		1187EF8221E9DF09006F1940 /* Resources */ = {
			isa = PBXResourcesBuildPhase;
			buildActionMask = 2147483647;
			files = (
				1187EFCF21E9E220006F1940 /* slider-default-trackBackground.png in Resources */,
				1187EFD821E9E220006F1940 /* slider-default7-trackBackground@2x.png in Resources */,
				1187EFA821E9E214006F1940 /* InternetNotAvailable.xib in Resources */,
				1187EFD321E9E220006F1940 /* slider-default7-handle.png in Resources */,
				1187EF9521E9DF0C006F1940 /* LaunchScreen.storyboard in Resources */,
				1187EFCD21E9E220006F1940 /* slider-default-track.png in Resources */,
				930ED9BB21EA5C30008C07E8 /* DreamerStoryboard.storyboard in Resources */,
				1187EFCB21E9E220006F1940 /* slider-default-handle.png in Resources */,
				93CBD35521E9EE760018075C /* Consultant.storyboard in Resources */,
				1187EFC921E9E220006F1940 /* slider-default-handle-highlighted.png in Resources */,
				1187EFD621E9E220006F1940 /* slider-default7-track@2x.png in Resources */,
				1187EFD721E9E220006F1940 /* slider-default7-trackBackground.png in Resources */,
				1187EFD921E9E220006F1940 /* slider-default7-trackCrossedOver.png in Resources */,
				930ED9B921EA4557008C07E8 /* GoogleService-Info.plist in Resources */,
				1187EFD021E9E220006F1940 /* slider-default-trackCrossedOver.png in Resources */,
				1187EFD421E9E220006F1940 /* slider-default7-handle@2x.png in Resources */,
				1187EFDA21E9E220006F1940 /* slider-default7-trackCrossedOver@2x.png in Resources */,
				11004F3521EA83430048F2F5 /* Login.storyboard in Resources */,
				1187EF9221E9DF0C006F1940 /* Assets.xcassets in Resources */,
				1187EFD521E9E220006F1940 /* slider-default7-track.png in Resources */,
				1187EF8D21E9DF09006F1940 /* Main.storyboard in Resources */,
				1187EFCE21E9E220006F1940 /* slider-default-track@2x.png in Resources */,
				1187EFCA21E9E220006F1940 /* slider-default-handle-highlighted@2x.png in Resources */,
				1187EFC721E9E220006F1940 /* ErrorView.xib in Resources */,
				1187EFCC21E9E220006F1940 /* slider-default-handle@2x.png in Resources */,
				1187EFD121E9E220006F1940 /* slider-default-trackCrossedOver@2x.png in Resources */,
				1187EFD221E9E220006F1940 /* slider-default_trackBackground@2x.png in Resources */,
			);
			runOnlyForDeploymentPostprocessing = 0;
		};
/* End PBXResourcesBuildPhase section */

/* Begin PBXShellScriptBuildPhase section */
		A62C0A66603B69C919F3D45D /* [CP] Check Pods Manifest.lock */ = {
			isa = PBXShellScriptBuildPhase;
			buildActionMask = 2147483647;
			files = (
			);
			inputPaths = (
				"${PODS_PODFILE_DIR_PATH}/Podfile.lock",
				"${PODS_ROOT}/Manifest.lock",
			);
			name = "[CP] Check Pods Manifest.lock";
			outputPaths = (
				"$(DERIVED_FILE_DIR)/Pods-PassionExperties-checkManifestLockResult.txt",
			);
			runOnlyForDeploymentPostprocessing = 0;
			shellPath = /bin/sh;
			shellScript = "diff \"${PODS_PODFILE_DIR_PATH}/Podfile.lock\" \"${PODS_ROOT}/Manifest.lock\" > /dev/null\nif [ $? != 0 ] ; then\n    # print error to STDERR\n    echo \"error: The sandbox is not in sync with the Podfile.lock. Run 'pod install' or update your CocoaPods installation.\" >&2\n    exit 1\nfi\n# This output is used by Xcode 'outputs' to avoid re-running this script phase.\necho \"SUCCESS\" > \"${SCRIPT_OUTPUT_FILE_0}\"\n";
			showEnvVarsInLog = 0;
		};
		E58B46DEEB6EDC43D08EB116 /* [CP] Embed Pods Frameworks */ = {
			isa = PBXShellScriptBuildPhase;
			buildActionMask = 2147483647;
			files = (
			);
			inputPaths = (
				"${SRCROOT}/Pods/Target Support Files/Pods-PassionExperties/Pods-PassionExperties-frameworks.sh",
				"${BUILT_PRODUCTS_DIR}/Alamofire/Alamofire.framework",
				"${BUILT_PRODUCTS_DIR}/DTGradientButton/DTGradientButton.framework",
				"${BUILT_PRODUCTS_DIR}/GTMSessionFetcher/GTMSessionFetcher.framework",
				"${BUILT_PRODUCTS_DIR}/GoogleUtilities/GoogleUtilities.framework",
				"${BUILT_PRODUCTS_DIR}/MBProgressHUD/MBProgressHUD.framework",
				"${BUILT_PRODUCTS_DIR}/MessageInputBar/MessageInputBar.framework",
				"${BUILT_PRODUCTS_DIR}/MessageKit/MessageKit.framework",
				"${BUILT_PRODUCTS_DIR}/leveldb-library/leveldb.framework",
				"${BUILT_PRODUCTS_DIR}/nanopb/nanopb.framework",
			);
			name = "[CP] Embed Pods Frameworks";
			outputPaths = (
				"${TARGET_BUILD_DIR}/${FRAMEWORKS_FOLDER_PATH}/Alamofire.framework",
				"${TARGET_BUILD_DIR}/${FRAMEWORKS_FOLDER_PATH}/DTGradientButton.framework",
				"${TARGET_BUILD_DIR}/${FRAMEWORKS_FOLDER_PATH}/GTMSessionFetcher.framework",
				"${TARGET_BUILD_DIR}/${FRAMEWORKS_FOLDER_PATH}/GoogleUtilities.framework",
				"${TARGET_BUILD_DIR}/${FRAMEWORKS_FOLDER_PATH}/MBProgressHUD.framework",
				"${TARGET_BUILD_DIR}/${FRAMEWORKS_FOLDER_PATH}/MessageInputBar.framework",
				"${TARGET_BUILD_DIR}/${FRAMEWORKS_FOLDER_PATH}/MessageKit.framework",
				"${TARGET_BUILD_DIR}/${FRAMEWORKS_FOLDER_PATH}/leveldb.framework",
				"${TARGET_BUILD_DIR}/${FRAMEWORKS_FOLDER_PATH}/nanopb.framework",
			);
			runOnlyForDeploymentPostprocessing = 0;
			shellPath = /bin/sh;
			shellScript = "\"${SRCROOT}/Pods/Target Support Files/Pods-PassionExperties/Pods-PassionExperties-frameworks.sh\"\n";
			showEnvVarsInLog = 0;
		};
/* End PBXShellScriptBuildPhase section */

/* Begin PBXSourcesBuildPhase section */
		1187EF8021E9DF09006F1940 /* Sources */ = {
			isa = PBXSourcesBuildPhase;
			buildActionMask = 2147483647;
			files = (
				1187EFE921E9E234006F1940 /* RequestParameter.swift in Sources */,
				11E92DB521EA549600104DFE /* DreamerFollowersViewController.swift in Sources */,
				1187EFEF21E9E240006F1940 /* DataStore.swift in Sources */,
				1187EFFB21E9E255006F1940 /* Utilities.swift in Sources */,
				11E92DB221EA549600104DFE /* BaseViewController.swift in Sources */,
				1187EFE821E9E234006F1940 /* NetworkManager.swift in Sources */,
				11E92DB421EA549600104DFE /* DreamerChatViewController.swift in Sources */,
				11E92DB921EA549600104DFE /* DreamerProfileViewController.swift in Sources */,
				11E92DBB21EA549600104DFE /* LoginConsultantViewController.swift in Sources */,
				1187EFF021E9E240006F1940 /* InternetManager.swift in Sources */,
				1187EFC621E9E220006F1940 /* ErrorView.swift in Sources */,
				11E92DBC21EA549600104DFE /* MainViewController.swift in Sources */,
				11E92DB821EA549600104DFE /* DreamerNotificationViewController.swift in Sources */,
				11E92DB321EA549600104DFE /* ConsultantSignUpViewController.swift in Sources */,
				1187EFF921E9E255006F1940 /* ProgressHud.swift in Sources */,
				1187EFEB21E9E234006F1940 /* Url.swift in Sources */,
				1187EFDF21E9E22D006F1940 /* AppRecord.swift in Sources */,
				1187EFFA21E9E255006F1940 /* SwiftLog.swift in Sources */,
				1187EFE021E9E22D006F1940 /* IconDownloader.swift in Sources */,
				11004F2B21EA6AC40048F2F5 /* ConsultantDashboardViewController.swift in Sources */,
				1187EFF821E9E255006F1940 /* ImageCache.swift in Sources */,
				1187EFE721E9E234006F1940 /* ApiCall.swift in Sources */,
				11E92DB621EA549600104DFE /* DreamerHomeViewController.swift in Sources */,
				11004F3821EA849B0048F2F5 /* TextFields.swift in Sources */,
				1187EFEA21E9E234006F1940 /* ResponseObject.swift in Sources */,
				1187EFC821E9E220006F1940 /* FloatRatingView.swift in Sources */,
				1187EFA721E9E214006F1940 /* InternetNotAvailable.swift in Sources */,
				1187EF8821E9DF09006F1940 /* AppDelegate.swift in Sources */,
				11E92DBD21EA549600104DFE /* RadioButton.swift in Sources */,
				11E92DBF21EA549600104DFE /* NotificationCell.swift in Sources */,
				11E92DBE21EA549600104DFE /* DreamerFollowerListCell.swift in Sources */,
				11E92D7F21EA31C500104DFE /* ConsultentData.swift in Sources */,
				1187EFF721E9E255006F1940 /* CryptoUtil.swift in Sources */,
				1187EFDB21E9E220006F1940 /* NMRangeSlider.m in Sources */,
				1187EF9021E9DF09006F1940 /* PassionExperties.xcdatamodeld in Sources */,
				11004F3921EA849B0048F2F5 /* GradientButton.swift in Sources */,
				1187EFA321E9E206006F1940 /* Constants.swift in Sources */,
			);
			runOnlyForDeploymentPostprocessing = 0;
		};
/* End PBXSourcesBuildPhase section */

/* Begin PBXVariantGroup section */
		1187EF8B21E9DF09006F1940 /* Main.storyboard */ = {
			isa = PBXVariantGroup;
			children = (
				1187EF8C21E9DF09006F1940 /* Base */,
			);
			name = Main.storyboard;
			sourceTree = "<group>";
		};
		1187EF9321E9DF0C006F1940 /* LaunchScreen.storyboard */ = {
			isa = PBXVariantGroup;
			children = (
				1187EF9421E9DF0C006F1940 /* Base */,
			);
			name = LaunchScreen.storyboard;
			sourceTree = "<group>";
		};
/* End PBXVariantGroup section */

/* Begin XCBuildConfiguration section */
		1187EF9721E9DF0C006F1940 /* Debug */ = {
			isa = XCBuildConfiguration;
			buildSettings = {
				ALWAYS_SEARCH_USER_PATHS = NO;
				CLANG_ANALYZER_NONNULL = YES;
				CLANG_ANALYZER_NUMBER_OBJECT_CONVERSION = YES_AGGRESSIVE;
				CLANG_CXX_LANGUAGE_STANDARD = "gnu++14";
				CLANG_CXX_LIBRARY = "libc++";
				CLANG_ENABLE_MODULES = YES;
				CLANG_ENABLE_OBJC_ARC = YES;
				CLANG_ENABLE_OBJC_WEAK = YES;
				CLANG_WARN_BLOCK_CAPTURE_AUTORELEASING = YES;
				CLANG_WARN_BOOL_CONVERSION = YES;
				CLANG_WARN_COMMA = YES;
				CLANG_WARN_CONSTANT_CONVERSION = YES;
				CLANG_WARN_DEPRECATED_OBJC_IMPLEMENTATIONS = YES;
				CLANG_WARN_DIRECT_OBJC_ISA_USAGE = YES_ERROR;
				CLANG_WARN_DOCUMENTATION_COMMENTS = YES;
				CLANG_WARN_EMPTY_BODY = YES;
				CLANG_WARN_ENUM_CONVERSION = YES;
				CLANG_WARN_INFINITE_RECURSION = YES;
				CLANG_WARN_INT_CONVERSION = YES;
				CLANG_WARN_NON_LITERAL_NULL_CONVERSION = YES;
				CLANG_WARN_OBJC_IMPLICIT_RETAIN_SELF = YES;
				CLANG_WARN_OBJC_LITERAL_CONVERSION = YES;
				CLANG_WARN_OBJC_ROOT_CLASS = YES_ERROR;
				CLANG_WARN_RANGE_LOOP_ANALYSIS = YES;
				CLANG_WARN_STRICT_PROTOTYPES = YES;
				CLANG_WARN_SUSPICIOUS_MOVE = YES;
				CLANG_WARN_UNGUARDED_AVAILABILITY = YES_AGGRESSIVE;
				CLANG_WARN_UNREACHABLE_CODE = YES;
				CLANG_WARN__DUPLICATE_METHOD_MATCH = YES;
				CODE_SIGN_IDENTITY = "iPhone Developer";
				COPY_PHASE_STRIP = NO;
				DEBUG_INFORMATION_FORMAT = dwarf;
				ENABLE_STRICT_OBJC_MSGSEND = YES;
				ENABLE_TESTABILITY = YES;
				GCC_C_LANGUAGE_STANDARD = gnu11;
				GCC_DYNAMIC_NO_PIC = NO;
				GCC_NO_COMMON_BLOCKS = YES;
				GCC_OPTIMIZATION_LEVEL = 0;
				GCC_PREPROCESSOR_DEFINITIONS = (
					"DEBUG=1",
					"$(inherited)",
				);
				GCC_WARN_64_TO_32_BIT_CONVERSION = YES;
				GCC_WARN_ABOUT_RETURN_TYPE = YES_ERROR;
				GCC_WARN_UNDECLARED_SELECTOR = YES;
				GCC_WARN_UNINITIALIZED_AUTOS = YES_AGGRESSIVE;
				GCC_WARN_UNUSED_FUNCTION = YES;
				GCC_WARN_UNUSED_VARIABLE = YES;
				IPHONEOS_DEPLOYMENT_TARGET = 10.3;
				MTL_ENABLE_DEBUG_INFO = INCLUDE_SOURCE;
				MTL_FAST_MATH = YES;
				ONLY_ACTIVE_ARCH = YES;
				SDKROOT = iphoneos;
				SWIFT_ACTIVE_COMPILATION_CONDITIONS = DEBUG;
				SWIFT_OPTIMIZATION_LEVEL = "-Onone";
			};
			name = Debug;
		};
		1187EF9821E9DF0C006F1940 /* Release */ = {
			isa = XCBuildConfiguration;
			buildSettings = {
				ALWAYS_SEARCH_USER_PATHS = NO;
				CLANG_ANALYZER_NONNULL = YES;
				CLANG_ANALYZER_NUMBER_OBJECT_CONVERSION = YES_AGGRESSIVE;
				CLANG_CXX_LANGUAGE_STANDARD = "gnu++14";
				CLANG_CXX_LIBRARY = "libc++";
				CLANG_ENABLE_MODULES = YES;
				CLANG_ENABLE_OBJC_ARC = YES;
				CLANG_ENABLE_OBJC_WEAK = YES;
				CLANG_WARN_BLOCK_CAPTURE_AUTORELEASING = YES;
				CLANG_WARN_BOOL_CONVERSION = YES;
				CLANG_WARN_COMMA = YES;
				CLANG_WARN_CONSTANT_CONVERSION = YES;
				CLANG_WARN_DEPRECATED_OBJC_IMPLEMENTATIONS = YES;
				CLANG_WARN_DIRECT_OBJC_ISA_USAGE = YES_ERROR;
				CLANG_WARN_DOCUMENTATION_COMMENTS = YES;
				CLANG_WARN_EMPTY_BODY = YES;
				CLANG_WARN_ENUM_CONVERSION = YES;
				CLANG_WARN_INFINITE_RECURSION = YES;
				CLANG_WARN_INT_CONVERSION = YES;
				CLANG_WARN_NON_LITERAL_NULL_CONVERSION = YES;
				CLANG_WARN_OBJC_IMPLICIT_RETAIN_SELF = YES;
				CLANG_WARN_OBJC_LITERAL_CONVERSION = YES;
				CLANG_WARN_OBJC_ROOT_CLASS = YES_ERROR;
				CLANG_WARN_RANGE_LOOP_ANALYSIS = YES;
				CLANG_WARN_STRICT_PROTOTYPES = YES;
				CLANG_WARN_SUSPICIOUS_MOVE = YES;
				CLANG_WARN_UNGUARDED_AVAILABILITY = YES_AGGRESSIVE;
				CLANG_WARN_UNREACHABLE_CODE = YES;
				CLANG_WARN__DUPLICATE_METHOD_MATCH = YES;
				CODE_SIGN_IDENTITY = "iPhone Developer";
				COPY_PHASE_STRIP = NO;
				DEBUG_INFORMATION_FORMAT = "dwarf-with-dsym";
				ENABLE_NS_ASSERTIONS = NO;
				ENABLE_STRICT_OBJC_MSGSEND = YES;
				GCC_C_LANGUAGE_STANDARD = gnu11;
				GCC_NO_COMMON_BLOCKS = YES;
				GCC_WARN_64_TO_32_BIT_CONVERSION = YES;
				GCC_WARN_ABOUT_RETURN_TYPE = YES_ERROR;
				GCC_WARN_UNDECLARED_SELECTOR = YES;
				GCC_WARN_UNINITIALIZED_AUTOS = YES_AGGRESSIVE;
				GCC_WARN_UNUSED_FUNCTION = YES;
				GCC_WARN_UNUSED_VARIABLE = YES;
				IPHONEOS_DEPLOYMENT_TARGET = 10.3;
				MTL_ENABLE_DEBUG_INFO = NO;
				MTL_FAST_MATH = YES;
				SDKROOT = iphoneos;
				SWIFT_COMPILATION_MODE = wholemodule;
				SWIFT_OPTIMIZATION_LEVEL = "-O";
				VALIDATE_PRODUCT = YES;
			};
			name = Release;
		};
		1187EF9A21E9DF0C006F1940 /* Debug */ = {
			isa = XCBuildConfiguration;
			baseConfigurationReference = 71280261078FE7A20E007807 /* Pods-PassionExperties.debug.xcconfig */;
			buildSettings = {
				ASSETCATALOG_COMPILER_APPICON_NAME = AppIcon;
				CODE_SIGN_STYLE = Automatic;
				DEVELOPMENT_TEAM = D85ATN672M;
				INFOPLIST_FILE = PassionExperties/Info.plist;
				LD_RUNPATH_SEARCH_PATHS = "$(inherited) @executable_path/Frameworks";
				PRODUCT_BUNDLE_IDENTIFIER = com.aspiringminds.PassionExperties;
				PRODUCT_NAME = "$(TARGET_NAME)";
				SWIFT_OBJC_BRIDGING_HEADER = "PassionExperties-Bridging-Header.h";
				SWIFT_VERSION = 4.2;
				TARGETED_DEVICE_FAMILY = "1,2";
			};
			name = Debug;
		};
		1187EF9B21E9DF0C006F1940 /* Release */ = {
			isa = XCBuildConfiguration;
			baseConfigurationReference = B709B8160223F32B3A72FE89 /* Pods-PassionExperties.release.xcconfig */;
			buildSettings = {
				ASSETCATALOG_COMPILER_APPICON_NAME = AppIcon;
				CODE_SIGN_STYLE = Automatic;
				DEVELOPMENT_TEAM = D85ATN672M;
				INFOPLIST_FILE = PassionExperties/Info.plist;
				LD_RUNPATH_SEARCH_PATHS = "$(inherited) @executable_path/Frameworks";
				PRODUCT_BUNDLE_IDENTIFIER = com.aspiringminds.PassionExperties;
				PRODUCT_NAME = "$(TARGET_NAME)";
				SWIFT_OBJC_BRIDGING_HEADER = "PassionExperties-Bridging-Header.h";
				SWIFT_VERSION = 4.2;
				TARGETED_DEVICE_FAMILY = "1,2";
			};
			name = Release;
		};
/* End XCBuildConfiguration section */

/* Begin XCConfigurationList section */
		1187EF7F21E9DF09006F1940 /* Build configuration list for PBXProject "PassionExperties" */ = {
			isa = XCConfigurationList;
			buildConfigurations = (
				1187EF9721E9DF0C006F1940 /* Debug */,
				1187EF9821E9DF0C006F1940 /* Release */,
			);
			defaultConfigurationIsVisible = 0;
			defaultConfigurationName = Release;
		};
		1187EF9921E9DF0C006F1940 /* Build configuration list for PBXNativeTarget "PassionExperties" */ = {
			isa = XCConfigurationList;
			buildConfigurations = (
				1187EF9A21E9DF0C006F1940 /* Debug */,
				1187EF9B21E9DF0C006F1940 /* Release */,
			);
			defaultConfigurationIsVisible = 0;
			defaultConfigurationName = Release;
		};
/* End XCConfigurationList section */

/* Begin XCVersionGroup section */
		1187EF8E21E9DF09006F1940 /* PassionExperties.xcdatamodeld */ = {
			isa = XCVersionGroup;
			children = (
				1187EF8F21E9DF09006F1940 /* PassionExperties.xcdatamodel */,
			);
			currentVersion = 1187EF8F21E9DF09006F1940 /* PassionExperties.xcdatamodel */;
			path = PassionExperties.xcdatamodeld;
			sourceTree = "<group>";
			versionGroupType = wrapper.xcdatamodel;
		};
/* End XCVersionGroup section */
	};
	rootObject = 1187EF7C21E9DF09006F1940 /* Project object */;
}
