// !$*UTF8*$!
{
	archiveVersion = 1;
	classes = {
	};
	objectVersion = 50;
	objects = {

/* Begin PBXBuildFile section */
		1187EF8821E9DF09006F1940 /* AppDelegate.swift in Sources */ = {isa = PBXBuildFile; fileRef = 1187EF8721E9DF09006F1940 /* AppDelegate.swift */; };
		1187EF8A21E9DF09006F1940 /* ViewController.swift in Sources */ = {isa = PBXBuildFile; fileRef = 1187EF8921E9DF09006F1940 /* ViewController.swift */; };
		1187EF8D21E9DF09006F1940 /* Main.storyboard in Resources */ = {isa = PBXBuildFile; fileRef = 1187EF8B21E9DF09006F1940 /* Main.storyboard */; };
		1187EF9021E9DF09006F1940 /* PassionExperties.xcdatamodeld in Sources */ = {isa = PBXBuildFile; fileRef = 1187EF8E21E9DF09006F1940 /* PassionExperties.xcdatamodeld */; };
		1187EF9221E9DF0C006F1940 /* Assets.xcassets in Resources */ = {isa = PBXBuildFile; fileRef = 1187EF9121E9DF0C006F1940 /* Assets.xcassets */; };
		1187EF9521E9DF0C006F1940 /* LaunchScreen.storyboard in Resources */ = {isa = PBXBuildFile; fileRef = 1187EF9321E9DF0C006F1940 /* LaunchScreen.storyboard */; };
/* End PBXBuildFile section */

/* Begin PBXFileReference section */
		1187EF8421E9DF09006F1940 /* PassionExperties.app */ = {isa = PBXFileReference; explicitFileType = wrapper.application; includeInIndex = 0; path = PassionExperties.app; sourceTree = BUILT_PRODUCTS_DIR; };
		1187EF8721E9DF09006F1940 /* AppDelegate.swift */ = {isa = PBXFileReference; lastKnownFileType = sourcecode.swift; path = AppDelegate.swift; sourceTree = "<group>"; };
		1187EF8921E9DF09006F1940 /* ViewController.swift */ = {isa = PBXFileReference; lastKnownFileType = sourcecode.swift; path = ViewController.swift; sourceTree = "<group>"; };
		1187EF8C21E9DF09006F1940 /* Base */ = {isa = PBXFileReference; lastKnownFileType = file.storyboard; name = Base; path = Base.lproj/Main.storyboard; sourceTree = "<group>"; };
		1187EF8F21E9DF09006F1940 /* PassionExperties.xcdatamodel */ = {isa = PBXFileReference; lastKnownFileType = wrapper.xcdatamodel; path = PassionExperties.xcdatamodel; sourceTree = "<group>"; };
		1187EF9121E9DF0C006F1940 /* Assets.xcassets */ = {isa = PBXFileReference; lastKnownFileType = folder.assetcatalog; path = Assets.xcassets; sourceTree = "<group>"; };
		1187EF9421E9DF0C006F1940 /* Base */ = {isa = PBXFileReference; lastKnownFileType = file.storyboard; name = Base; path = Base.lproj/LaunchScreen.storyboard; sourceTree = "<group>"; };
		1187EF9621E9DF0C006F1940 /* Info.plist */ = {isa = PBXFileReference; lastKnownFileType = text.plist.xml; path = Info.plist; sourceTree = "<group>"; };
/* End PBXFileReference section */

/* Begin PBXFrameworksBuildPhase section */
		1187EF8121E9DF09006F1940 /* Frameworks */ = {
			isa = PBXFrameworksBuildPhase;
			buildActionMask = 2147483647;
			files = (
			);
			runOnlyForDeploymentPostprocessing = 0;
		};
/* End PBXFrameworksBuildPhase section */

/* Begin PBXGroup section */
		1187EF7B21E9DF09006F1940 = {
			isa = PBXGroup;
			children = (
				1187EF8621E9DF09006F1940 /* PassionExperties */,
				1187EF8521E9DF09006F1940 /* Products */,
			);
			sourceTree = "<group>";
		};
		1187EF8521E9DF09006F1940 /* Products */ = {
			isa = PBXGroup;
			children = (
				1187EF8421E9DF09006F1940 /* PassionExperties.app */,
			);
			name = Products;
			sourceTree = "<group>";
		};
		1187EF8621E9DF09006F1940 /* PassionExperties */ = {
			isa = PBXGroup;
			children = (
				1187EF8721E9DF09006F1940 /* AppDelegate.swift */,
				1187EF8921E9DF09006F1940 /* ViewController.swift */,
				1187EF8B21E9DF09006F1940 /* Main.storyboard */,
				1187EF9121E9DF0C006F1940 /* Assets.xcassets */,
				1187EF9321E9DF0C006F1940 /* LaunchScreen.storyboard */,
				1187EF9621E9DF0C006F1940 /* Info.plist */,
				1187EF8E21E9DF09006F1940 /* PassionExperties.xcdatamodeld */,
			);
			path = PassionExperties;
			sourceTree = "<group>";
		};
/* End PBXGroup section */

/* Begin PBXNativeTarget section */
		1187EF8321E9DF09006F1940 /* PassionExperties */ = {
			isa = PBXNativeTarget;
			buildConfigurationList = 1187EF9921E9DF0C006F1940 /* Build configuration list for PBXNativeTarget "PassionExperties" */;
			buildPhases = (
				1187EF8021E9DF09006F1940 /* Sources */,
				1187EF8121E9DF09006F1940 /* Frameworks */,
				1187EF8221E9DF09006F1940 /* Resources */,
			);
			buildRules = (
			);
			dependencies = (
			);
			name = PassionExperties;
			productName = PassionExperties;
			productReference = 1187EF8421E9DF09006F1940 /* PassionExperties.app */;
			productType = "com.apple.product-type.application";
		};
/* End PBXNativeTarget section */

/* Begin PBXProject section */
		1187EF7C21E9DF09006F1940 /* Project object */ = {
			isa = PBXProject;
			attributes = {
				LastSwiftUpdateCheck = 1000;
				LastUpgradeCheck = 1000;
				ORGANIZATIONNAME = "shalu tyagi";
				TargetAttributes = {
					1187EF8321E9DF09006F1940 = {
						CreatedOnToolsVersion = 10.0;
					};
				};
			};
			buildConfigurationList = 1187EF7F21E9DF09006F1940 /* Build configuration list for PBXProject "PassionExperties" */;
			compatibilityVersion = "Xcode 9.3";
			developmentRegion = en;
			hasScannedForEncodings = 0;
			knownRegions = (
				en,
				Base,
			);
			mainGroup = 1187EF7B21E9DF09006F1940;
			productRefGroup = 1187EF8521E9DF09006F1940 /* Products */;
			projectDirPath = "";
			projectRoot = "";
			targets = (
				1187EF8321E9DF09006F1940 /* PassionExperties */,
			);
		};
/* End PBXProject section */

/* Begin PBXResourcesBuildPhase section */
		1187EF8221E9DF09006F1940 /* Resources */ = {
			isa = PBXResourcesBuildPhase;
			buildActionMask = 2147483647;
			files = (
				1187EF9521E9DF0C006F1940 /* LaunchScreen.storyboard in Resources */,
				1187EF9221E9DF0C006F1940 /* Assets.xcassets in Resources */,
				1187EF8D21E9DF09006F1940 /* Main.storyboard in Resources */,
			);
			runOnlyForDeploymentPostprocessing = 0;
		};
/* End PBXResourcesBuildPhase section */

/* Begin PBXSourcesBuildPhase section */
		1187EF8021E9DF09006F1940 /* Sources */ = {
			isa = PBXSourcesBuildPhase;
			buildActionMask = 2147483647;
			files = (
				1187EF8A21E9DF09006F1940 /* ViewController.swift in Sources */,
				1187EF8821E9DF09006F1940 /* AppDelegate.swift in Sources */,
				1187EF9021E9DF09006F1940 /* PassionExperties.xcdatamodeld in Sources */,
			);
			runOnlyForDeploymentPostprocessing = 0;
		};
/* End PBXSourcesBuildPhase section */

/* Begin PBXVariantGroup section */
		1187EF8B21E9DF09006F1940 /* Main.storyboard */ = {
			isa = PBXVariantGroup;
			children = (
				1187EF8C21E9DF09006F1940 /* Base */,
			);
			name = Main.storyboard;
			sourceTree = "<group>";
		};
		1187EF9321E9DF0C006F1940 /* LaunchScreen.storyboard */ = {
			isa = PBXVariantGroup;
			children = (
				1187EF9421E9DF0C006F1940 /* Base */,
			);
			name = LaunchScreen.storyboard;
			sourceTree = "<group>";
		};
/* End PBXVariantGroup section */

/* Begin XCBuildConfiguration section */
		1187EF9721E9DF0C006F1940 /* Debug */ = {
			isa = XCBuildConfiguration;
			buildSettings = {
				ALWAYS_SEARCH_USER_PATHS = NO;
				CLANG_ANALYZER_NONNULL = YES;
				CLANG_ANALYZER_NUMBER_OBJECT_CONVERSION = YES_AGGRESSIVE;
				CLANG_CXX_LANGUAGE_STANDARD = "gnu++14";
				CLANG_CXX_LIBRARY = "libc++";
				CLANG_ENABLE_MODULES = YES;
				CLANG_ENABLE_OBJC_ARC = YES;
				CLANG_ENABLE_OBJC_WEAK = YES;
				CLANG_WARN_BLOCK_CAPTURE_AUTORELEASING = YES;
				CLANG_WARN_BOOL_CONVERSION = YES;
				CLANG_WARN_COMMA = YES;
				CLANG_WARN_CONSTANT_CONVERSION = YES;
				CLANG_WARN_DEPRECATED_OBJC_IMPLEMENTATIONS = YES;
				CLANG_WARN_DIRECT_OBJC_ISA_USAGE = YES_ERROR;
				CLANG_WARN_DOCUMENTATION_COMMENTS = YES;
				CLANG_WARN_EMPTY_BODY = YES;
				CLANG_WARN_ENUM_CONVERSION = YES;
				CLANG_WARN_INFINITE_RECURSION = YES;
				CLANG_WARN_INT_CONVERSION = YES;
				CLANG_WARN_NON_LITERAL_NULL_CONVERSION = YES;
				CLANG_WARN_OBJC_IMPLICIT_RETAIN_SELF = YES;
				CLANG_WARN_OBJC_LITERAL_CONVERSION = YES;
				CLANG_WARN_OBJC_ROOT_CLASS = YES_ERROR;
				CLANG_WARN_RANGE_LOOP_ANALYSIS = YES;
				CLANG_WARN_STRICT_PROTOTYPES = YES;
				CLANG_WARN_SUSPICIOUS_MOVE = YES;
				CLANG_WARN_UNGUARDED_AVAILABILITY = YES_AGGRESSIVE;
				CLANG_WARN_UNREACHABLE_CODE = YES;
				CLANG_WARN__DUPLICATE_METHOD_MATCH = YES;
				CODE_SIGN_IDENTITY = "iPhone Developer";
				COPY_PHASE_STRIP = NO;
				DEBUG_INFORMATION_FORMAT = dwarf;
				ENABLE_STRICT_OBJC_MSGSEND = YES;
				ENABLE_TESTABILITY = YES;
				GCC_C_LANGUAGE_STANDARD = gnu11;
				GCC_DYNAMIC_NO_PIC = NO;
				GCC_NO_COMMON_BLOCKS = YES;
				GCC_OPTIMIZATION_LEVEL = 0;
				GCC_PREPROCESSOR_DEFINITIONS = (
					"DEBUG=1",
					"$(inherited)",
				);
				GCC_WARN_64_TO_32_BIT_CONVERSION = YES;
				GCC_WARN_ABOUT_RETURN_TYPE = YES_ERROR;
				GCC_WARN_UNDECLARED_SELECTOR = YES;
				GCC_WARN_UNINITIALIZED_AUTOS = YES_AGGRESSIVE;
				GCC_WARN_UNUSED_FUNCTION = YES;
				GCC_WARN_UNUSED_VARIABLE = YES;
				IPHONEOS_DEPLOYMENT_TARGET = 12.0;
				MTL_ENABLE_DEBUG_INFO = INCLUDE_SOURCE;
				MTL_FAST_MATH = YES;
				ONLY_ACTIVE_ARCH = YES;
				SDKROOT = iphoneos;
				SWIFT_ACTIVE_COMPILATION_CONDITIONS = DEBUG;
				SWIFT_OPTIMIZATION_LEVEL = "-Onone";
			};
			name = Debug;
		};
		1187EF9821E9DF0C006F1940 /* Release */ = {
			isa = XCBuildConfiguration;
			buildSettings = {
				ALWAYS_SEARCH_USER_PATHS = NO;
				CLANG_ANALYZER_NONNULL = YES;
				CLANG_ANALYZER_NUMBER_OBJECT_CONVERSION = YES_AGGRESSIVE;
				CLANG_CXX_LANGUAGE_STANDARD = "gnu++14";
				CLANG_CXX_LIBRARY = "libc++";
				CLANG_ENABLE_MODULES = YES;
				CLANG_ENABLE_OBJC_ARC = YES;
				CLANG_ENABLE_OBJC_WEAK = YES;
				CLANG_WARN_BLOCK_CAPTURE_AUTORELEASING = YES;
				CLANG_WARN_BOOL_CONVERSION = YES;
				CLANG_WARN_COMMA = YES;
				CLANG_WARN_CONSTANT_CONVERSION = YES;
				CLANG_WARN_DEPRECATED_OBJC_IMPLEMENTATIONS = YES;
				CLANG_WARN_DIRECT_OBJC_ISA_USAGE = YES_ERROR;
				CLANG_WARN_DOCUMENTATION_COMMENTS = YES;
				CLANG_WARN_EMPTY_BODY = YES;
				CLANG_WARN_ENUM_CONVERSION = YES;
				CLANG_WARN_INFINITE_RECURSION = YES;
				CLANG_WARN_INT_CONVERSION = YES;
				CLANG_WARN_NON_LITERAL_NULL_CONVERSION = YES;
				CLANG_WARN_OBJC_IMPLICIT_RETAIN_SELF = YES;
				CLANG_WARN_OBJC_LITERAL_CONVERSION = YES;
				CLANG_WARN_OBJC_ROOT_CLASS = YES_ERROR;
				CLANG_WARN_RANGE_LOOP_ANALYSIS = YES;
				CLANG_WARN_STRICT_PROTOTYPES = YES;
				CLANG_WARN_SUSPICIOUS_MOVE = YES;
				CLANG_WARN_UNGUARDED_AVAILABILITY = YES_AGGRESSIVE;
				CLANG_WARN_UNREACHABLE_CODE = YES;
				CLANG_WARN__DUPLICATE_METHOD_MATCH = YES;
				CODE_SIGN_IDENTITY = "iPhone Developer";
				COPY_PHASE_STRIP = NO;
				DEBUG_INFORMATION_FORMAT = "dwarf-with-dsym";
				ENABLE_NS_ASSERTIONS = NO;
				ENABLE_STRICT_OBJC_MSGSEND = YES;
				GCC_C_LANGUAGE_STANDARD = gnu11;
				GCC_NO_COMMON_BLOCKS = YES;
				GCC_WARN_64_TO_32_BIT_CONVERSION = YES;
				GCC_WARN_ABOUT_RETURN_TYPE = YES_ERROR;
				GCC_WARN_UNDECLARED_SELECTOR = YES;
				GCC_WARN_UNINITIALIZED_AUTOS = YES_AGGRESSIVE;
				GCC_WARN_UNUSED_FUNCTION = YES;
				GCC_WARN_UNUSED_VARIABLE = YES;
				IPHONEOS_DEPLOYMENT_TARGET = 12.0;
				MTL_ENABLE_DEBUG_INFO = NO;
				MTL_FAST_MATH = YES;
				SDKROOT = iphoneos;
				SWIFT_COMPILATION_MODE = wholemodule;
				SWIFT_OPTIMIZATION_LEVEL = "-O";
				VALIDATE_PRODUCT = YES;
			};
			name = Release;
		};
		1187EF9A21E9DF0C006F1940 /* Debug */ = {
			isa = XCBuildConfiguration;
			buildSettings = {
				ASSETCATALOG_COMPILER_APPICON_NAME = AppIcon;
				CODE_SIGN_STYLE = Automatic;
				DEVELOPMENT_TEAM = D85ATN672M;
				INFOPLIST_FILE = PassionExperties/Info.plist;
				LD_RUNPATH_SEARCH_PATHS = (
					"$(inherited)",
					"@executable_path/Frameworks",
				);
				PRODUCT_BUNDLE_IDENTIFIER = com.aspiringminds.PassionExperties;
				PRODUCT_NAME = "$(TARGET_NAME)";
				SWIFT_VERSION = 4.2;
				TARGETED_DEVICE_FAMILY = "1,2";
			};
			name = Debug;
		};
		1187EF9B21E9DF0C006F1940 /* Release */ = {
			isa = XCBuildConfiguration;
			buildSettings = {
				ASSETCATALOG_COMPILER_APPICON_NAME = AppIcon;
				CODE_SIGN_STYLE = Automatic;
				DEVELOPMENT_TEAM = D85ATN672M;
				INFOPLIST_FILE = PassionExperties/Info.plist;
				LD_RUNPATH_SEARCH_PATHS = (
					"$(inherited)",
					"@executable_path/Frameworks",
				);
				PRODUCT_BUNDLE_IDENTIFIER = com.aspiringminds.PassionExperties;
				PRODUCT_NAME = "$(TARGET_NAME)";
				SWIFT_VERSION = 4.2;
				TARGETED_DEVICE_FAMILY = "1,2";
			};
			name = Release;
		};
/* End XCBuildConfiguration section */

/* Begin XCConfigurationList section */
		1187EF7F21E9DF09006F1940 /* Build configuration list for PBXProject "PassionExperties" */ = {
			isa = XCConfigurationList;
			buildConfigurations = (
				1187EF9721E9DF0C006F1940 /* Debug */,
				1187EF9821E9DF0C006F1940 /* Release */,
			);
			defaultConfigurationIsVisible = 0;
			defaultConfigurationName = Release;
		};
		1187EF9921E9DF0C006F1940 /* Build configuration list for PBXNativeTarget "PassionExperties" */ = {
			isa = XCConfigurationList;
			buildConfigurations = (
				1187EF9A21E9DF0C006F1940 /* Debug */,
				1187EF9B21E9DF0C006F1940 /* Release */,
			);
			defaultConfigurationIsVisible = 0;
			defaultConfigurationName = Release;
		};
/* End XCConfigurationList section */

/* Begin XCVersionGroup section */
		1187EF8E21E9DF09006F1940 /* PassionExperties.xcdatamodeld */ = {
			isa = XCVersionGroup;
			children = (
				1187EF8F21E9DF09006F1940 /* PassionExperties.xcdatamodel */,
			);
			currentVersion = 1187EF8F21E9DF09006F1940 /* PassionExperties.xcdatamodel */;
			path = PassionExperties.xcdatamodeld;
			sourceTree = "<group>";
			versionGroupType = wrapper.xcdatamodel;
		};
/* End XCVersionGroup section */
	};
	rootObject = 1187EF7C21E9DF09006F1940 /* Project object */;
}
